
Microsoft Visual Studio Solution File, Format Version 12.00
# Visual Studio Version 17
VisualStudioVersion = 17.0.31919.166
MinimumVisualStudioVersion = 10.0.40219.1
Project("{8BC9CEB8-8B4A-11D0-8D11-00A0C91BC942}") = "최소 직사각형", "최소 직사각형.vcxproj", "{916926FD-160C-42AD-AAA3-1E5F28DBD568}"
EndProject
Global
	GlobalSection(SolutionConfigurationPlatforms) = preSolution
		Debug|x64 = Debug|x64
		Debug|x86 = Debug|x86
		Release|x64 = Release|x64
		Release|x86 = Release|x86
	EndGlobalSection
	GlobalSection(ProjectConfigurationPlatforms) = postSolution
		{916926FD-160C-42AD-AAA3-1E5F28DBD568}.Debug|x64.ActiveCfg = Debug|x64
		{916926FD-160C-42AD-AAA3-1E5F28DBD568}.Debug|x64.Build.0 = Debug|x64
		{916926FD-160C-42AD-AAA3-1E5F28DBD568}.Debug|x86.ActiveCfg = Debug|Win32
		{916926FD-160C-42AD-AAA3-1E5F28DBD568}.Debug|x86.Build.0 = Debug|Win32
		{916926FD-160C-42AD-AAA3-1E5F28DBD568}.Release|x64.ActiveCfg = Release|x64
		{916926FD-160C-42AD-AAA3-1E5F28DBD568}.Release|x64.Build.0 = Release|x64
		{916926FD-160C-42AD-AAA3-1E5F28DBD568}.Release|x86.ActiveCfg = Release|Win32
		{916926FD-160C-42AD-AAA3-1E5F28DBD568}.Release|x86.Build.0 = Release|Win32
	EndGlobalSection
	GlobalSection(SolutionProperties) = preSolution
		HideSolutionNode = FALSE
	EndGlobalSection
	GlobalSection(ExtensibilityGlobals) = postSolution
		SolutionGuid = {94D04B03-77DB-4FE4-9768-F00E83DC6D10}
	EndGlobalSection
EndGlobal
